// !$*UTF8*$!
{
	archiveVersion = 1;
	classes = {
	};
	objectVersion = 46;
	objects = {

/* Begin PBXBuildFile section */
		D9289D8A1DF34E380049E491 /* MyBluetooth.swift in Sources */ = {isa = PBXBuildFile; fileRef = D9289D891DF34E380049E491 /* MyBluetooth.swift */; };
		D9289D8C1DF34E870049E491 /* SpeechHandler.swift in Sources */ = {isa = PBXBuildFile; fileRef = D9289D8B1DF34E870049E491 /* SpeechHandler.swift */; };
		D9289D8E1DF34EAF0049E491 /* MyLocationManager.swift in Sources */ = {isa = PBXBuildFile; fileRef = D9289D8D1DF34EAF0049E491 /* MyLocationManager.swift */; };
		D9289D901DF34FA90049E491 /* MyLocations.swift in Sources */ = {isa = PBXBuildFile; fileRef = D9289D8F1DF34FA90049E491 /* MyLocations.swift */; };
		D992D84F1DF49B1F0064DDF8 /* AcousticModelEnglish.bundle in Resources */ = {isa = PBXBuildFile; fileRef = D992D84C1DF49B1F0064DDF8 /* AcousticModelEnglish.bundle */; };
		D992D8501DF49B1F0064DDF8 /* OpenEars.framework in Frameworks */ = {isa = PBXBuildFile; fileRef = D992D84D1DF49B1F0064DDF8 /* OpenEars.framework */; };
		D992D8511DF49B1F0064DDF8 /* Slt.framework in Frameworks */ = {isa = PBXBuildFile; fileRef = D992D84E1DF49B1F0064DDF8 /* Slt.framework */; };
		D9A9A1FC1DF35B9600345E2A /* DestinationGuide.swift in Sources */ = {isa = PBXBuildFile; fileRef = D9A9A1FB1DF35B9600345E2A /* DestinationGuide.swift */; };
		D9A9A1FE1DF35FF700345E2A /* ECEOfficeGuide.swift in Sources */ = {isa = PBXBuildFile; fileRef = D9A9A1FD1DF35FF700345E2A /* ECEOfficeGuide.swift */; };
		D9A9A2001DF3602900345E2A /* KuhlOfficeGuide.swift in Sources */ = {isa = PBXBuildFile; fileRef = D9A9A1FF1DF3602900345E2A /* KuhlOfficeGuide.swift */; };
		D9A9A2021DF3604A00345E2A /* BathroomGuide.swift in Sources */ = {isa = PBXBuildFile; fileRef = D9A9A2011DF3604A00345E2A /* BathroomGuide.swift */; };
		D9B394F11DF751070092DBFE /* Test2UITests.swift in Sources */ = {isa = PBXBuildFile; fileRef = D9B394F01DF751060092DBFE /* Test2UITests.swift */; };
		E536B8C51DA5CA4C004EB2E7 /* AppDelegate.swift in Sources */ = {isa = PBXBuildFile; fileRef = E536B8C41DA5CA4C004EB2E7 /* AppDelegate.swift */; };
		E536B8C71DA5CA4C004EB2E7 /* ViewController.swift in Sources */ = {isa = PBXBuildFile; fileRef = E536B8C61DA5CA4C004EB2E7 /* ViewController.swift */; };
		E536B8CA1DA5CA4C004EB2E7 /* Main.storyboard in Resources */ = {isa = PBXBuildFile; fileRef = E536B8C81DA5CA4C004EB2E7 /* Main.storyboard */; };
		E536B8CC1DA5CA4C004EB2E7 /* Assets.xcassets in Resources */ = {isa = PBXBuildFile; fileRef = E536B8CB1DA5CA4C004EB2E7 /* Assets.xcassets */; };
		E536B8CF1DA5CA4C004EB2E7 /* LaunchScreen.storyboard in Resources */ = {isa = PBXBuildFile; fileRef = E536B8CD1DA5CA4C004EB2E7 /* LaunchScreen.storyboard */; };
/* End PBXBuildFile section */

/* Begin PBXContainerItemProxy section */
		D9B394F31DF751070092DBFE /* PBXContainerItemProxy */ = {
			isa = PBXContainerItemProxy;
			containerPortal = E536B8B91DA5CA4B004EB2E7 /* Project object */;
			proxyType = 1;
			remoteGlobalIDString = E536B8C01DA5CA4C004EB2E7;
			remoteInfo = Test2;
		};
/* End PBXContainerItemProxy section */

/* Begin PBXFileReference section */
		D9289D891DF34E380049E491 /* MyBluetooth.swift */ = {isa = PBXFileReference; fileEncoding = 4; lastKnownFileType = sourcecode.swift; path = MyBluetooth.swift; sourceTree = "<group>"; };
		D9289D8B1DF34E870049E491 /* SpeechHandler.swift */ = {isa = PBXFileReference; fileEncoding = 4; lastKnownFileType = sourcecode.swift; path = SpeechHandler.swift; sourceTree = "<group>"; };
		D9289D8D1DF34EAF0049E491 /* MyLocationManager.swift */ = {isa = PBXFileReference; fileEncoding = 4; lastKnownFileType = sourcecode.swift; path = MyLocationManager.swift; sourceTree = "<group>"; };
		D9289D8F1DF34FA90049E491 /* MyLocations.swift */ = {isa = PBXFileReference; fileEncoding = 4; lastKnownFileType = sourcecode.swift; path = MyLocations.swift; sourceTree = "<group>"; };
		D992D84A1DF499110064DDF8 /* Bridging-Header.h */ = {isa = PBXFileReference; lastKnownFileType = sourcecode.c.h; path = "Bridging-Header.h"; sourceTree = "<group>"; };
		D992D84C1DF49B1F0064DDF8 /* AcousticModelEnglish.bundle */ = {isa = PBXFileReference; lastKnownFileType = "wrapper.plug-in"; path = AcousticModelEnglish.bundle; sourceTree = "<group>"; };
		D992D84D1DF49B1F0064DDF8 /* OpenEars.framework */ = {isa = PBXFileReference; lastKnownFileType = wrapper.framework; path = OpenEars.framework; sourceTree = "<group>"; };
		D992D84E1DF49B1F0064DDF8 /* Slt.framework */ = {isa = PBXFileReference; lastKnownFileType = wrapper.framework; path = Slt.framework; sourceTree = "<group>"; };
		D9A9A1FB1DF35B9600345E2A /* DestinationGuide.swift */ = {isa = PBXFileReference; fileEncoding = 4; lastKnownFileType = sourcecode.swift; path = DestinationGuide.swift; sourceTree = "<group>"; };
		D9A9A1FD1DF35FF700345E2A /* ECEOfficeGuide.swift */ = {isa = PBXFileReference; fileEncoding = 4; lastKnownFileType = sourcecode.swift; path = ECEOfficeGuide.swift; sourceTree = "<group>"; };
		D9A9A1FF1DF3602900345E2A /* KuhlOfficeGuide.swift */ = {isa = PBXFileReference; fileEncoding = 4; lastKnownFileType = sourcecode.swift; path = KuhlOfficeGuide.swift; sourceTree = "<group>"; };
		D9A9A2011DF3604A00345E2A /* BathroomGuide.swift */ = {isa = PBXFileReference; fileEncoding = 4; lastKnownFileType = sourcecode.swift; path = BathroomGuide.swift; sourceTree = "<group>"; };
		D9B394EE1DF751060092DBFE /* Test2UITests.xctest */ = {isa = PBXFileReference; explicitFileType = wrapper.cfbundle; includeInIndex = 0; path = Test2UITests.xctest; sourceTree = BUILT_PRODUCTS_DIR; };
		D9B394F01DF751060092DBFE /* Test2UITests.swift */ = {isa = PBXFileReference; lastKnownFileType = sourcecode.swift; path = Test2UITests.swift; sourceTree = "<group>"; };
		D9B394F21DF751070092DBFE /* Info.plist */ = {isa = PBXFileReference; lastKnownFileType = text.plist.xml; path = Info.plist; sourceTree = "<group>"; };
		E536B8C11DA5CA4C004EB2E7 /* Test2.app */ = {isa = PBXFileReference; explicitFileType = wrapper.application; includeInIndex = 0; path = Test2.app; sourceTree = BUILT_PRODUCTS_DIR; };
		E536B8C41DA5CA4C004EB2E7 /* AppDelegate.swift */ = {isa = PBXFileReference; lastKnownFileType = sourcecode.swift; path = AppDelegate.swift; sourceTree = "<group>"; };
		E536B8C61DA5CA4C004EB2E7 /* ViewController.swift */ = {isa = PBXFileReference; lastKnownFileType = sourcecode.swift; path = ViewController.swift; sourceTree = "<group>"; };
		E536B8C91DA5CA4C004EB2E7 /* Base */ = {isa = PBXFileReference; lastKnownFileType = file.storyboard; name = Base; path = Base.lproj/Main.storyboard; sourceTree = "<group>"; };
		E536B8CB1DA5CA4C004EB2E7 /* Assets.xcassets */ = {isa = PBXFileReference; lastKnownFileType = folder.assetcatalog; path = Assets.xcassets; sourceTree = "<group>"; };
		E536B8CE1DA5CA4C004EB2E7 /* Base */ = {isa = PBXFileReference; lastKnownFileType = file.storyboard; name = Base; path = Base.lproj/LaunchScreen.storyboard; sourceTree = "<group>"; };
		E536B8D01DA5CA4C004EB2E7 /* Info.plist */ = {isa = PBXFileReference; lastKnownFileType = text.plist.xml; path = Info.plist; sourceTree = "<group>"; };
/* End PBXFileReference section */

/* Begin PBXFrameworksBuildPhase section */
		D9B394EB1DF751060092DBFE /* Frameworks */ = {
			isa = PBXFrameworksBuildPhase;
			buildActionMask = 2147483647;
			files = (
			);
			runOnlyForDeploymentPostprocessing = 0;
		};
		E536B8BE1DA5CA4C004EB2E7 /* Frameworks */ = {
			isa = PBXFrameworksBuildPhase;
			buildActionMask = 2147483647;
			files = (
				D992D8511DF49B1F0064DDF8 /* Slt.framework in Frameworks */,
				D992D8501DF49B1F0064DDF8 /* OpenEars.framework in Frameworks */,
			);
			runOnlyForDeploymentPostprocessing = 0;
		};
/* End PBXFrameworksBuildPhase section */

/* Begin PBXGroup section */
		D992D84B1DF49B1F0064DDF8 /* Framework */ = {
			isa = PBXGroup;
			children = (
				D992D84C1DF49B1F0064DDF8 /* AcousticModelEnglish.bundle */,
				D992D84D1DF49B1F0064DDF8 /* OpenEars.framework */,
				D992D84E1DF49B1F0064DDF8 /* Slt.framework */,
			);
			path = Framework;
			sourceTree = "<group>";
		};
		D9B394EF1DF751060092DBFE /* Test2UITests */ = {
			isa = PBXGroup;
			children = (
				D9B394F01DF751060092DBFE /* Test2UITests.swift */,
				D9B394F21DF751070092DBFE /* Info.plist */,
			);
			path = Test2UITests;
			sourceTree = "<group>";
		};
		E536B8B81DA5CA4B004EB2E7 = {
			isa = PBXGroup;
			children = (
				D992D84B1DF49B1F0064DDF8 /* Framework */,
				E536B8C31DA5CA4C004EB2E7 /* Test2 */,
				D9B394EF1DF751060092DBFE /* Test2UITests */,
				E536B8C21DA5CA4C004EB2E7 /* Products */,
			);
			sourceTree = "<group>";
		};
		E536B8C21DA5CA4C004EB2E7 /* Products */ = {
			isa = PBXGroup;
			children = (
				E536B8C11DA5CA4C004EB2E7 /* Test2.app */,
				D9B394EE1DF751060092DBFE /* Test2UITests.xctest */,
			);
			name = Products;
			sourceTree = "<group>";
		};
		E536B8C31DA5CA4C004EB2E7 /* Test2 */ = {
			isa = PBXGroup;
			children = (
				E536B8C41DA5CA4C004EB2E7 /* AppDelegate.swift */,
				E536B8C61DA5CA4C004EB2E7 /* ViewController.swift */,
				E536B8C81DA5CA4C004EB2E7 /* Main.storyboard */,
				E536B8CB1DA5CA4C004EB2E7 /* Assets.xcassets */,
				E536B8CD1DA5CA4C004EB2E7 /* LaunchScreen.storyboard */,
				E536B8D01DA5CA4C004EB2E7 /* Info.plist */,
				D9289D891DF34E380049E491 /* MyBluetooth.swift */,
				D9289D8B1DF34E870049E491 /* SpeechHandler.swift */,
				D9289D8D1DF34EAF0049E491 /* MyLocationManager.swift */,
				D9289D8F1DF34FA90049E491 /* MyLocations.swift */,
				D9A9A1FB1DF35B9600345E2A /* DestinationGuide.swift */,
				D9A9A1FD1DF35FF700345E2A /* ECEOfficeGuide.swift */,
				D9A9A1FF1DF3602900345E2A /* KuhlOfficeGuide.swift */,
				D9A9A2011DF3604A00345E2A /* BathroomGuide.swift */,
				D992D84A1DF499110064DDF8 /* Bridging-Header.h */,
			);
			path = Test2;
			sourceTree = "<group>";
		};
/* End PBXGroup section */

/* Begin PBXNativeTarget section */
		D9B394ED1DF751060092DBFE /* Test2UITests */ = {
			isa = PBXNativeTarget;
			buildConfigurationList = D9B394F71DF751070092DBFE /* Build configuration list for PBXNativeTarget "Test2UITests" */;
			buildPhases = (
				D9B394EA1DF751060092DBFE /* Sources */,
				D9B394EB1DF751060092DBFE /* Frameworks */,
				D9B394EC1DF751060092DBFE /* Resources */,
			);
			buildRules = (
			);
			dependencies = (
				D9B394F41DF751070092DBFE /* PBXTargetDependency */,
			);
			name = Test2UITests;
			productName = Test2UITests;
			productReference = D9B394EE1DF751060092DBFE /* Test2UITests.xctest */;
			productType = "com.apple.product-type.bundle.ui-testing";
		};
		E536B8C01DA5CA4C004EB2E7 /* Test2 */ = {
			isa = PBXNativeTarget;
			buildConfigurationList = E536B8D31DA5CA4C004EB2E7 /* Build configuration list for PBXNativeTarget "Test2" */;
			buildPhases = (
				E536B8BD1DA5CA4C004EB2E7 /* Sources */,
				E536B8BE1DA5CA4C004EB2E7 /* Frameworks */,
				E536B8BF1DA5CA4C004EB2E7 /* Resources */,
			);
			buildRules = (
			);
			dependencies = (
			);
			name = Test2;
			productName = Test2;
			productReference = E536B8C11DA5CA4C004EB2E7 /* Test2.app */;
			productType = "com.apple.product-type.application";
		};
/* End PBXNativeTarget section */

/* Begin PBXProject section */
		E536B8B91DA5CA4B004EB2E7 /* Project object */ = {
			isa = PBXProject;
			attributes = {
				LastSwiftUpdateCheck = 0810;
				LastUpgradeCheck = 0810;
				ORGANIZATIONNAME = armondluthens;
				TargetAttributes = {
					D9B394ED1DF751060092DBFE = {
						CreatedOnToolsVersion = 8.1;
						DevelopmentTeam = KZDV9PZKMA;
						ProvisioningStyle = Automatic;
						TestTargetID = E536B8C01DA5CA4C004EB2E7;
					};
					E536B8C01DA5CA4C004EB2E7 = {
						CreatedOnToolsVersion = 8.0;
						DevelopmentTeam = KZDV9PZKMA;
						ProvisioningStyle = Automatic;
					};
				};
			};
			buildConfigurationList = E536B8BC1DA5CA4B004EB2E7 /* Build configuration list for PBXProject "Test2" */;
			compatibilityVersion = "Xcode 3.2";
			developmentRegion = English;
			hasScannedForEncodings = 0;
			knownRegions = (
				en,
				Base,
			);
			mainGroup = E536B8B81DA5CA4B004EB2E7;
			productRefGroup = E536B8C21DA5CA4C004EB2E7 /* Products */;
			projectDirPath = "";
			projectRoot = "";
			targets = (
				E536B8C01DA5CA4C004EB2E7 /* Test2 */,
				D9B394ED1DF751060092DBFE /* Test2UITests */,
			);
		};
/* End PBXProject section */

/* Begin PBXResourcesBuildPhase section */
		D9B394EC1DF751060092DBFE /* Resources */ = {
			isa = PBXResourcesBuildPhase;
			buildActionMask = 2147483647;
			files = (
			);
			runOnlyForDeploymentPostprocessing = 0;
		};
		E536B8BF1DA5CA4C004EB2E7 /* Resources */ = {
			isa = PBXResourcesBuildPhase;
			buildActionMask = 2147483647;
			files = (
				E536B8CF1DA5CA4C004EB2E7 /* LaunchScreen.storyboard in Resources */,
				D992D84F1DF49B1F0064DDF8 /* AcousticModelEnglish.bundle in Resources */,
				E536B8CC1DA5CA4C004EB2E7 /* Assets.xcassets in Resources */,
				E536B8CA1DA5CA4C004EB2E7 /* Main.storyboard in Resources */,
			);
			runOnlyForDeploymentPostprocessing = 0;
		};
/* End PBXResourcesBuildPhase section */

/* Begin PBXSourcesBuildPhase section */
		D9B394EA1DF751060092DBFE /* Sources */ = {
			isa = PBXSourcesBuildPhase;
			buildActionMask = 2147483647;
			files = (
				D9B394F11DF751070092DBFE /* Test2UITests.swift in Sources */,
			);
			runOnlyForDeploymentPostprocessing = 0;
		};
		E536B8BD1DA5CA4C004EB2E7 /* Sources */ = {
			isa = PBXSourcesBuildPhase;
			buildActionMask = 2147483647;
			files = (
				D9289D8C1DF34E870049E491 /* SpeechHandler.swift in Sources */,
				D9289D8E1DF34EAF0049E491 /* MyLocationManager.swift in Sources */,
				E536B8C71DA5CA4C004EB2E7 /* ViewController.swift in Sources */,
				D9A9A1FC1DF35B9600345E2A /* DestinationGuide.swift in Sources */,
				D9289D8A1DF34E380049E491 /* MyBluetooth.swift in Sources */,
				D9289D901DF34FA90049E491 /* MyLocations.swift in Sources */,
				D9A9A2021DF3604A00345E2A /* BathroomGuide.swift in Sources */,
				D9A9A1FE1DF35FF700345E2A /* ECEOfficeGuide.swift in Sources */,
				E536B8C51DA5CA4C004EB2E7 /* AppDelegate.swift in Sources */,
				D9A9A2001DF3602900345E2A /* KuhlOfficeGuide.swift in Sources */,
			);
			runOnlyForDeploymentPostprocessing = 0;
		};
/* End PBXSourcesBuildPhase section */

/* Begin PBXTargetDependency section */
		D9B394F41DF751070092DBFE /* PBXTargetDependency */ = {
			isa = PBXTargetDependency;
			target = E536B8C01DA5CA4C004EB2E7 /* Test2 */;
			targetProxy = D9B394F31DF751070092DBFE /* PBXContainerItemProxy */;
		};
/* End PBXTargetDependency section */

/* Begin PBXVariantGroup section */
		E536B8C81DA5CA4C004EB2E7 /* Main.storyboard */ = {
			isa = PBXVariantGroup;
			children = (
				E536B8C91DA5CA4C004EB2E7 /* Base */,
			);
			name = Main.storyboard;
			sourceTree = "<group>";
		};
		E536B8CD1DA5CA4C004EB2E7 /* LaunchScreen.storyboard */ = {
			isa = PBXVariantGroup;
			children = (
				E536B8CE1DA5CA4C004EB2E7 /* Base */,
			);
			name = LaunchScreen.storyboard;
			sourceTree = "<group>";
		};
/* End PBXVariantGroup section */

/* Begin XCBuildConfiguration section */
		D9B394F51DF751070092DBFE /* Debug */ = {
			isa = XCBuildConfiguration;
			buildSettings = {
				DEVELOPMENT_TEAM = KZDV9PZKMA;
				INFOPLIST_FILE = Test2UITests/Info.plist;
				IPHONEOS_DEPLOYMENT_TARGET = 10.1;
				LD_RUNPATH_SEARCH_PATHS = "$(inherited) @executable_path/Frameworks @loader_path/Frameworks";
				PRODUCT_BUNDLE_IDENTIFIER = Xcode.Test2UITests;
				PRODUCT_NAME = "$(TARGET_NAME)";
				SWIFT_VERSION = 3.0;
				TEST_TARGET_NAME = Test2;
			};
			name = Debug;
		};
		D9B394F61DF751070092DBFE /* Release */ = {
			isa = XCBuildConfiguration;
			buildSettings = {
				DEVELOPMENT_TEAM = KZDV9PZKMA;
				INFOPLIST_FILE = Test2UITests/Info.plist;
				IPHONEOS_DEPLOYMENT_TARGET = 10.1;
				LD_RUNPATH_SEARCH_PATHS = "$(inherited) @executable_path/Frameworks @loader_path/Frameworks";
				PRODUCT_BUNDLE_IDENTIFIER = Xcode.Test2UITests;
				PRODUCT_NAME = "$(TARGET_NAME)";
				SWIFT_VERSION = 3.0;
				TEST_TARGET_NAME = Test2;
			};
			name = Release;
		};
		E536B8D11DA5CA4C004EB2E7 /* Debug */ = {
			isa = XCBuildConfiguration;
			buildSettings = {
				ALWAYS_SEARCH_USER_PATHS = NO;
				CLANG_ANALYZER_NONNULL = YES;
				CLANG_CXX_LANGUAGE_STANDARD = "gnu++0x";
				CLANG_CXX_LIBRARY = "libc++";
				CLANG_ENABLE_MODULES = YES;
				CLANG_ENABLE_OBJC_ARC = YES;
				CLANG_WARN_BOOL_CONVERSION = YES;
				CLANG_WARN_CONSTANT_CONVERSION = YES;
				CLANG_WARN_DIRECT_OBJC_ISA_USAGE = YES_ERROR;
				CLANG_WARN_DOCUMENTATION_COMMENTS = YES;
				CLANG_WARN_EMPTY_BODY = YES;
				CLANG_WARN_ENUM_CONVERSION = YES;
				CLANG_WARN_INFINITE_RECURSION = YES;
				CLANG_WARN_INT_CONVERSION = YES;
				CLANG_WARN_OBJC_ROOT_CLASS = YES_ERROR;
				CLANG_WARN_SUSPICIOUS_MOVE = YES;
				CLANG_WARN_SUSPICIOUS_MOVES = YES;
				CLANG_WARN_UNREACHABLE_CODE = YES;
				CLANG_WARN__DUPLICATE_METHOD_MATCH = YES;
				"CODE_SIGN_IDENTITY[sdk=iphoneos*]" = "iPhone Developer";
				COPY_PHASE_STRIP = NO;
				DEBUG_INFORMATION_FORMAT = dwarf;
				ENABLE_STRICT_OBJC_MSGSEND = YES;
				ENABLE_TESTABILITY = YES;
				GCC_C_LANGUAGE_STANDARD = gnu99;
				GCC_DYNAMIC_NO_PIC = NO;
				GCC_NO_COMMON_BLOCKS = YES;
				GCC_OPTIMIZATION_LEVEL = 0;
				GCC_PREPROCESSOR_DEFINITIONS = (
					"DEBUG=1",
					"$(inherited)",
				);
				GCC_WARN_64_TO_32_BIT_CONVERSION = YES;
				GCC_WARN_ABOUT_RETURN_TYPE = YES_ERROR;
				GCC_WARN_UNDECLARED_SELECTOR = YES;
				GCC_WARN_UNINITIALIZED_AUTOS = YES_AGGRESSIVE;
				GCC_WARN_UNUSED_FUNCTION = YES;
				GCC_WARN_UNUSED_VARIABLE = YES;
				IPHONEOS_DEPLOYMENT_TARGET = 10.0;
				MTL_ENABLE_DEBUG_INFO = YES;
				ONLY_ACTIVE_ARCH = YES;
				SDKROOT = iphoneos;
				SWIFT_ACTIVE_COMPILATION_CONDITIONS = DEBUG;
				"SWIFT_OBJC_BRIDGING_HEADER[arch=*]" = "Test2/Bridging-Header.h";
				SWIFT_OPTIMIZATION_LEVEL = "-Onone";
			};
			name = Debug;
		};
		E536B8D21DA5CA4C004EB2E7 /* Release */ = {
			isa = XCBuildConfiguration;
			buildSettings = {
				ALWAYS_SEARCH_USER_PATHS = NO;
				CLANG_ANALYZER_NONNULL = YES;
				CLANG_CXX_LANGUAGE_STANDARD = "gnu++0x";
				CLANG_CXX_LIBRARY = "libc++";
				CLANG_ENABLE_MODULES = YES;
				CLANG_ENABLE_OBJC_ARC = YES;
				CLANG_WARN_BOOL_CONVERSION = YES;
				CLANG_WARN_CONSTANT_CONVERSION = YES;
				CLANG_WARN_DIRECT_OBJC_ISA_USAGE = YES_ERROR;
				CLANG_WARN_DOCUMENTATION_COMMENTS = YES;
				CLANG_WARN_EMPTY_BODY = YES;
				CLANG_WARN_ENUM_CONVERSION = YES;
				CLANG_WARN_INFINITE_RECURSION = YES;
				CLANG_WARN_INT_CONVERSION = YES;
				CLANG_WARN_OBJC_ROOT_CLASS = YES_ERROR;
				CLANG_WARN_SUSPICIOUS_MOVE = YES;
				CLANG_WARN_SUSPICIOUS_MOVES = YES;
				CLANG_WARN_UNREACHABLE_CODE = YES;
				CLANG_WARN__DUPLICATE_METHOD_MATCH = YES;
				"CODE_SIGN_IDENTITY[sdk=iphoneos*]" = "iPhone Developer";
				COPY_PHASE_STRIP = NO;
				DEBUG_INFORMATION_FORMAT = "dwarf-with-dsym";
				ENABLE_NS_ASSERTIONS = NO;
				ENABLE_STRICT_OBJC_MSGSEND = YES;
				GCC_C_LANGUAGE_STANDARD = gnu99;
				GCC_NO_COMMON_BLOCKS = YES;
				GCC_WARN_64_TO_32_BIT_CONVERSION = YES;
				GCC_WARN_ABOUT_RETURN_TYPE = YES_ERROR;
				GCC_WARN_UNDECLARED_SELECTOR = YES;
				GCC_WARN_UNINITIALIZED_AUTOS = YES_AGGRESSIVE;
				GCC_WARN_UNUSED_FUNCTION = YES;
				GCC_WARN_UNUSED_VARIABLE = YES;
				IPHONEOS_DEPLOYMENT_TARGET = 10.0;
				MTL_ENABLE_DEBUG_INFO = NO;
				SDKROOT = iphoneos;
				"SWIFT_OBJC_BRIDGING_HEADER[arch=*]" = "Test2/Bridging-Header.h";
				SWIFT_OPTIMIZATION_LEVEL = "-Owholemodule";
				VALIDATE_PRODUCT = YES;
			};
			name = Release;
		};
		E536B8D41DA5CA4C004EB2E7 /* Debug */ = {
			isa = XCBuildConfiguration;
			buildSettings = {
				ASSETCATALOG_COMPILER_APPICON_NAME = AppIcon;
				DEVELOPMENT_TEAM = KZDV9PZKMA;
				FRAMEWORK_SEARCH_PATHS = (
					"$(inherited)",
					"$(PROJECT_DIR)/Framework",
				);
				INFOPLIST_FILE = Test2/Info.plist;
				IPHONEOS_DEPLOYMENT_TARGET = 8.4;
				LD_RUNPATH_SEARCH_PATHS = "$(inherited) @executable_path/Frameworks";
				PRODUCT_BUNDLE_IDENTIFIER = com.stephsmith.Test2;
				PRODUCT_NAME = "$(TARGET_NAME)";
				SWIFT_VERSION = 3.0;
			};
			name = Debug;
		};
		E536B8D51DA5CA4C004EB2E7 /* Release */ = {
			isa = XCBuildConfiguration;
			buildSettings = {
				ASSETCATALOG_COMPILER_APPICON_NAME = AppIcon;
				DEVELOPMENT_TEAM = KZDV9PZKMA;
				FRAMEWORK_SEARCH_PATHS = (
					"$(inherited)",
					"$(PROJECT_DIR)/Framework",
				);
				INFOPLIST_FILE = Test2/Info.plist;
				IPHONEOS_DEPLOYMENT_TARGET = 8.4;
				LD_RUNPATH_SEARCH_PATHS = "$(inherited) @executable_path/Frameworks";
				PRODUCT_BUNDLE_IDENTIFIER = com.stephsmith.Test2;
				PRODUCT_NAME = "$(TARGET_NAME)";
				SWIFT_VERSION = 3.0;
			};
			name = Release;
		};
/* End XCBuildConfiguration section */

/* Begin XCConfigurationList section */
		D9B394F71DF751070092DBFE /* Build configuration list for PBXNativeTarget "Test2UITests" */ = {
			isa = XCConfigurationList;
			buildConfigurations = (
				D9B394F51DF751070092DBFE /* Debug */,
				D9B394F61DF751070092DBFE /* Release */,
			);
			defaultConfigurationIsVisible = 0;
		};
		E536B8BC1DA5CA4B004EB2E7 /* Build configuration list for PBXProject "Test2" */ = {
			isa = XCConfigurationList;
			buildConfigurations = (
				E536B8D11DA5CA4C004EB2E7 /* Debug */,
				E536B8D21DA5CA4C004EB2E7 /* Release */,
			);
			defaultConfigurationIsVisible = 0;
			defaultConfigurationName = Release;
		};
		E536B8D31DA5CA4C004EB2E7 /* Build configuration list for PBXNativeTarget "Test2" */ = {
			isa = XCConfigurationList;
			buildConfigurations = (
				E536B8D41DA5CA4C004EB2E7 /* Debug */,
				E536B8D51DA5CA4C004EB2E7 /* Release */,
			);
			defaultConfigurationIsVisible = 0;
			defaultConfigurationName = Release;
		};
/* End XCConfigurationList section */
	};
	rootObject = E536B8B91DA5CA4B004EB2E7 /* Project object */;
}
