// !$*UTF8*$!
{
	archiveVersion = 1;
	classes = {
	};
	objectVersion = 46;
	objects = {

/* Begin PBXBuildFile section */
		E56BC5801D9DAA1200FFD82B /* AppDelegate.swift in Sources */ = {isa = PBXBuildFile; fileRef = E56BC57F1D9DAA1200FFD82B /* AppDelegate.swift */; };
		E56BC5821D9DAA1200FFD82B /* ViewController.swift in Sources */ = {isa = PBXBuildFile; fileRef = E56BC5811D9DAA1200FFD82B /* ViewController.swift */; };
		E56BC5851D9DAA1200FFD82B /* Main.storyboard in Resources */ = {isa = PBXBuildFile; fileRef = E56BC5831D9DAA1200FFD82B /* Main.storyboard */; };
		E56BC5881D9DAA1200FFD82B /* HelloIndoor2.xcdatamodeld in Sources */ = {isa = PBXBuildFile; fileRef = E56BC5861D9DAA1200FFD82B /* HelloIndoor2.xcdatamodeld */; };
		E56BC58A1D9DAA1200FFD82B /* Assets.xcassets in Resources */ = {isa = PBXBuildFile; fileRef = E56BC5891D9DAA1200FFD82B /* Assets.xcassets */; };
		E56BC58D1D9DAA1200FFD82B /* LaunchScreen.storyboard in Resources */ = {isa = PBXBuildFile; fileRef = E56BC58B1D9DAA1200FFD82B /* LaunchScreen.storyboard */; };
		E56BC5981D9DAA1300FFD82B /* HelloIndoor2Tests.swift in Sources */ = {isa = PBXBuildFile; fileRef = E56BC5971D9DAA1300FFD82B /* HelloIndoor2Tests.swift */; };
		E56BC5A31D9DAA1300FFD82B /* HelloIndoor2UITests.swift in Sources */ = {isa = PBXBuildFile; fileRef = E56BC5A21D9DAA1300FFD82B /* HelloIndoor2UITests.swift */; };
/* End PBXBuildFile section */

/* Begin PBXContainerItemProxy section */
		E56BC5941D9DAA1300FFD82B /* PBXContainerItemProxy */ = {
			isa = PBXContainerItemProxy;
			containerPortal = E56BC5741D9DAA1200FFD82B /* Project object */;
			proxyType = 1;
			remoteGlobalIDString = E56BC57B1D9DAA1200FFD82B;
			remoteInfo = HelloIndoor2;
		};
		E56BC59F1D9DAA1300FFD82B /* PBXContainerItemProxy */ = {
			isa = PBXContainerItemProxy;
			containerPortal = E56BC5741D9DAA1200FFD82B /* Project object */;
			proxyType = 1;
			remoteGlobalIDString = E56BC57B1D9DAA1200FFD82B;
			remoteInfo = HelloIndoor2;
		};
/* End PBXContainerItemProxy section */

/* Begin PBXFileReference section */
		E56BC57C1D9DAA1200FFD82B /* HelloIndoor2.app */ = {isa = PBXFileReference; explicitFileType = wrapper.application; includeInIndex = 0; path = HelloIndoor2.app; sourceTree = BUILT_PRODUCTS_DIR; };
		E56BC57F1D9DAA1200FFD82B /* AppDelegate.swift */ = {isa = PBXFileReference; lastKnownFileType = sourcecode.swift; path = AppDelegate.swift; sourceTree = "<group>"; };
		E56BC5811D9DAA1200FFD82B /* ViewController.swift */ = {isa = PBXFileReference; lastKnownFileType = sourcecode.swift; path = ViewController.swift; sourceTree = "<group>"; };
		E56BC5841D9DAA1200FFD82B /* Base */ = {isa = PBXFileReference; lastKnownFileType = file.storyboard; name = Base; path = Base.lproj/Main.storyboard; sourceTree = "<group>"; };
		E56BC5871D9DAA1200FFD82B /* HelloIndoor2.xcdatamodel */ = {isa = PBXFileReference; lastKnownFileType = wrapper.xcdatamodel; path = HelloIndoor2.xcdatamodel; sourceTree = "<group>"; };
		E56BC5891D9DAA1200FFD82B /* Assets.xcassets */ = {isa = PBXFileReference; lastKnownFileType = folder.assetcatalog; path = Assets.xcassets; sourceTree = "<group>"; };
		E56BC58C1D9DAA1200FFD82B /* Base */ = {isa = PBXFileReference; lastKnownFileType = file.storyboard; name = Base; path = Base.lproj/LaunchScreen.storyboard; sourceTree = "<group>"; };
		E56BC58E1D9DAA1200FFD82B /* Info.plist */ = {isa = PBXFileReference; lastKnownFileType = text.plist.xml; path = Info.plist; sourceTree = "<group>"; };
		E56BC5931D9DAA1300FFD82B /* HelloIndoor2Tests.xctest */ = {isa = PBXFileReference; explicitFileType = wrapper.cfbundle; includeInIndex = 0; path = HelloIndoor2Tests.xctest; sourceTree = BUILT_PRODUCTS_DIR; };
		E56BC5971D9DAA1300FFD82B /* HelloIndoor2Tests.swift */ = {isa = PBXFileReference; lastKnownFileType = sourcecode.swift; path = HelloIndoor2Tests.swift; sourceTree = "<group>"; };
		E56BC5991D9DAA1300FFD82B /* Info.plist */ = {isa = PBXFileReference; lastKnownFileType = text.plist.xml; path = Info.plist; sourceTree = "<group>"; };
		E56BC59E1D9DAA1300FFD82B /* HelloIndoor2UITests.xctest */ = {isa = PBXFileReference; explicitFileType = wrapper.cfbundle; includeInIndex = 0; path = HelloIndoor2UITests.xctest; sourceTree = BUILT_PRODUCTS_DIR; };
		E56BC5A21D9DAA1300FFD82B /* HelloIndoor2UITests.swift */ = {isa = PBXFileReference; lastKnownFileType = sourcecode.swift; path = HelloIndoor2UITests.swift; sourceTree = "<group>"; };
		E56BC5A41D9DAA1300FFD82B /* Info.plist */ = {isa = PBXFileReference; lastKnownFileType = text.plist.xml; path = Info.plist; sourceTree = "<group>"; };
/* End PBXFileReference section */

/* Begin PBXFrameworksBuildPhase section */
		E56BC5791D9DAA1200FFD82B /* Frameworks */ = {
			isa = PBXFrameworksBuildPhase;
			buildActionMask = 2147483647;
			files = (
			);
			runOnlyForDeploymentPostprocessing = 0;
		};
		E56BC5901D9DAA1300FFD82B /* Frameworks */ = {
			isa = PBXFrameworksBuildPhase;
			buildActionMask = 2147483647;
			files = (
			);
			runOnlyForDeploymentPostprocessing = 0;
		};
		E56BC59B1D9DAA1300FFD82B /* Frameworks */ = {
			isa = PBXFrameworksBuildPhase;
			buildActionMask = 2147483647;
			files = (
			);
			runOnlyForDeploymentPostprocessing = 0;
		};
/* End PBXFrameworksBuildPhase section */

/* Begin PBXGroup section */
		E56BC5731D9DAA1200FFD82B = {
			isa = PBXGroup;
			children = (
				E56BC57E1D9DAA1200FFD82B /* HelloIndoor2 */,
				E56BC5961D9DAA1300FFD82B /* HelloIndoor2Tests */,
				E56BC5A11D9DAA1300FFD82B /* HelloIndoor2UITests */,
				E56BC57D1D9DAA1200FFD82B /* Products */,
			);
			sourceTree = "<group>";
		};
		E56BC57D1D9DAA1200FFD82B /* Products */ = {
			isa = PBXGroup;
			children = (
				E56BC57C1D9DAA1200FFD82B /* HelloIndoor2.app */,
				E56BC5931D9DAA1300FFD82B /* HelloIndoor2Tests.xctest */,
				E56BC59E1D9DAA1300FFD82B /* HelloIndoor2UITests.xctest */,
			);
			name = Products;
			sourceTree = "<group>";
		};
		E56BC57E1D9DAA1200FFD82B /* HelloIndoor2 */ = {
			isa = PBXGroup;
			children = (
				E56BC57F1D9DAA1200FFD82B /* AppDelegate.swift */,
				E56BC5811D9DAA1200FFD82B /* ViewController.swift */,
				E56BC5831D9DAA1200FFD82B /* Main.storyboard */,
				E56BC5891D9DAA1200FFD82B /* Assets.xcassets */,
				E56BC58B1D9DAA1200FFD82B /* LaunchScreen.storyboard */,
				E56BC58E1D9DAA1200FFD82B /* Info.plist */,
				E56BC5861D9DAA1200FFD82B /* HelloIndoor2.xcdatamodeld */,
			);
			path = HelloIndoor2;
			sourceTree = "<group>";
		};
		E56BC5961D9DAA1300FFD82B /* HelloIndoor2Tests */ = {
			isa = PBXGroup;
			children = (
				E56BC5971D9DAA1300FFD82B /* HelloIndoor2Tests.swift */,
				E56BC5991D9DAA1300FFD82B /* Info.plist */,
			);
			path = HelloIndoor2Tests;
			sourceTree = "<group>";
		};
		E56BC5A11D9DAA1300FFD82B /* HelloIndoor2UITests */ = {
			isa = PBXGroup;
			children = (
				E56BC5A21D9DAA1300FFD82B /* HelloIndoor2UITests.swift */,
				E56BC5A41D9DAA1300FFD82B /* Info.plist */,
			);
			path = HelloIndoor2UITests;
			sourceTree = "<group>";
		};
/* End PBXGroup section */

/* Begin PBXNativeTarget section */
		E56BC57B1D9DAA1200FFD82B /* HelloIndoor2 */ = {
			isa = PBXNativeTarget;
			buildConfigurationList = E56BC5A71D9DAA1300FFD82B /* Build configuration list for PBXNativeTarget "HelloIndoor2" */;
			buildPhases = (
				E56BC5781D9DAA1200FFD82B /* Sources */,
				E56BC5791D9DAA1200FFD82B /* Frameworks */,
				E56BC57A1D9DAA1200FFD82B /* Resources */,
			);
			buildRules = (
			);
			dependencies = (
			);
			name = HelloIndoor2;
			productName = HelloIndoor2;
			productReference = E56BC57C1D9DAA1200FFD82B /* HelloIndoor2.app */;
			productType = "com.apple.product-type.application";
		};
		E56BC5921D9DAA1300FFD82B /* HelloIndoor2Tests */ = {
			isa = PBXNativeTarget;
			buildConfigurationList = E56BC5AA1D9DAA1300FFD82B /* Build configuration list for PBXNativeTarget "HelloIndoor2Tests" */;
			buildPhases = (
				E56BC58F1D9DAA1300FFD82B /* Sources */,
				E56BC5901D9DAA1300FFD82B /* Frameworks */,
				E56BC5911D9DAA1300FFD82B /* Resources */,
			);
			buildRules = (
			);
			dependencies = (
				E56BC5951D9DAA1300FFD82B /* PBXTargetDependency */,
			);
			name = HelloIndoor2Tests;
			productName = HelloIndoor2Tests;
			productReference = E56BC5931D9DAA1300FFD82B /* HelloIndoor2Tests.xctest */;
			productType = "com.apple.product-type.bundle.unit-test";
		};
		E56BC59D1D9DAA1300FFD82B /* HelloIndoor2UITests */ = {
			isa = PBXNativeTarget;
			buildConfigurationList = E56BC5AD1D9DAA1300FFD82B /* Build configuration list for PBXNativeTarget "HelloIndoor2UITests" */;
			buildPhases = (
				E56BC59A1D9DAA1300FFD82B /* Sources */,
				E56BC59B1D9DAA1300FFD82B /* Frameworks */,
				E56BC59C1D9DAA1300FFD82B /* Resources */,
			);
			buildRules = (
			);
			dependencies = (
				E56BC5A01D9DAA1300FFD82B /* PBXTargetDependency */,
			);
			name = HelloIndoor2UITests;
			productName = HelloIndoor2UITests;
			productReference = E56BC59E1D9DAA1300FFD82B /* HelloIndoor2UITests.xctest */;
			productType = "com.apple.product-type.bundle.ui-testing";
		};
/* End PBXNativeTarget section */

/* Begin PBXProject section */
		E56BC5741D9DAA1200FFD82B /* Project object */ = {
			isa = PBXProject;
			attributes = {
				LastSwiftUpdateCheck = 0720;
				LastUpgradeCheck = 0720;
				ORGANIZATIONNAME = armondluthens;
				TargetAttributes = {
					E56BC57B1D9DAA1200FFD82B = {
						CreatedOnToolsVersion = 7.2;
						DevelopmentTeam = 3FFT7J828B;
					};
					E56BC5921D9DAA1300FFD82B = {
						CreatedOnToolsVersion = 7.2;
						DevelopmentTeam = 3FFT7J828B;
						TestTargetID = E56BC57B1D9DAA1200FFD82B;
					};
					E56BC59D1D9DAA1300FFD82B = {
						CreatedOnToolsVersion = 7.2;
						DevelopmentTeam = 3FFT7J828B;
						TestTargetID = E56BC57B1D9DAA1200FFD82B;
					};
				};
			};
			buildConfigurationList = E56BC5771D9DAA1200FFD82B /* Build configuration list for PBXProject "HelloIndoor2" */;
			compatibilityVersion = "Xcode 3.2";
			developmentRegion = English;
			hasScannedForEncodings = 0;
			knownRegions = (
				en,
				Base,
			);
			mainGroup = E56BC5731D9DAA1200FFD82B;
			productRefGroup = E56BC57D1D9DAA1200FFD82B /* Products */;
			projectDirPath = "";
			projectRoot = "";
			targets = (
				E56BC57B1D9DAA1200FFD82B /* HelloIndoor2 */,
				E56BC5921D9DAA1300FFD82B /* HelloIndoor2Tests */,
				E56BC59D1D9DAA1300FFD82B /* HelloIndoor2UITests */,
			);
		};
/* End PBXProject section */

/* Begin PBXResourcesBuildPhase section */
		E56BC57A1D9DAA1200FFD82B /* Resources */ = {
			isa = PBXResourcesBuildPhase;
			buildActionMask = 2147483647;
			files = (
				E56BC58D1D9DAA1200FFD82B /* LaunchScreen.storyboard in Resources */,
				E56BC58A1D9DAA1200FFD82B /* Assets.xcassets in Resources */,
				E56BC5851D9DAA1200FFD82B /* Main.storyboard in Resources */,
			);
			runOnlyForDeploymentPostprocessing = 0;
		};
		E56BC5911D9DAA1300FFD82B /* Resources */ = {
			isa = PBXResourcesBuildPhase;
			buildActionMask = 2147483647;
			files = (
			);
			runOnlyForDeploymentPostprocessing = 0;
		};
		E56BC59C1D9DAA1300FFD82B /* Resources */ = {
			isa = PBXResourcesBuildPhase;
			buildActionMask = 2147483647;
			files = (
			);
			runOnlyForDeploymentPostprocessing = 0;
		};
/* End PBXResourcesBuildPhase section */

/* Begin PBXSourcesBuildPhase section */
		E56BC5781D9DAA1200FFD82B /* Sources */ = {
			isa = PBXSourcesBuildPhase;
			buildActionMask = 2147483647;
			files = (
				E56BC5821D9DAA1200FFD82B /* ViewController.swift in Sources */,
				E56BC5881D9DAA1200FFD82B /* HelloIndoor2.xcdatamodeld in Sources */,
				E56BC5801D9DAA1200FFD82B /* AppDelegate.swift in Sources */,
			);
			runOnlyForDeploymentPostprocessing = 0;
		};
		E56BC58F1D9DAA1300FFD82B /* Sources */ = {
			isa = PBXSourcesBuildPhase;
			buildActionMask = 2147483647;
			files = (
				E56BC5981D9DAA1300FFD82B /* HelloIndoor2Tests.swift in Sources */,
			);
			runOnlyForDeploymentPostprocessing = 0;
		};
		E56BC59A1D9DAA1300FFD82B /* Sources */ = {
			isa = PBXSourcesBuildPhase;
			buildActionMask = 2147483647;
			files = (
				E56BC5A31D9DAA1300FFD82B /* HelloIndoor2UITests.swift in Sources */,
			);
			runOnlyForDeploymentPostprocessing = 0;
		};
/* End PBXSourcesBuildPhase section */

/* Begin PBXTargetDependency section */
		E56BC5951D9DAA1300FFD82B /* PBXTargetDependency */ = {
			isa = PBXTargetDependency;
			target = E56BC57B1D9DAA1200FFD82B /* HelloIndoor2 */;
			targetProxy = E56BC5941D9DAA1300FFD82B /* PBXContainerItemProxy */;
		};
		E56BC5A01D9DAA1300FFD82B /* PBXTargetDependency */ = {
			isa = PBXTargetDependency;
			target = E56BC57B1D9DAA1200FFD82B /* HelloIndoor2 */;
			targetProxy = E56BC59F1D9DAA1300FFD82B /* PBXContainerItemProxy */;
		};
/* End PBXTargetDependency section */

/* Begin PBXVariantGroup section */
		E56BC5831D9DAA1200FFD82B /* Main.storyboard */ = {
			isa = PBXVariantGroup;
			children = (
				E56BC5841D9DAA1200FFD82B /* Base */,
			);
			name = Main.storyboard;
			sourceTree = "<group>";
		};
		E56BC58B1D9DAA1200FFD82B /* LaunchScreen.storyboard */ = {
			isa = PBXVariantGroup;
			children = (
				E56BC58C1D9DAA1200FFD82B /* Base */,
			);
			name = LaunchScreen.storyboard;
			sourceTree = "<group>";
		};
/* End PBXVariantGroup section */

/* Begin XCBuildConfiguration section */
		E56BC5A51D9DAA1300FFD82B /* Debug */ = {
			isa = XCBuildConfiguration;
			buildSettings = {
				ALWAYS_SEARCH_USER_PATHS = NO;
				CLANG_CXX_LANGUAGE_STANDARD = "gnu++0x";
				CLANG_CXX_LIBRARY = "libc++";
				CLANG_ENABLE_MODULES = YES;
				CLANG_ENABLE_OBJC_ARC = YES;
				CLANG_WARN_BOOL_CONVERSION = YES;
				CLANG_WARN_CONSTANT_CONVERSION = YES;
				CLANG_WARN_DIRECT_OBJC_ISA_USAGE = YES_ERROR;
				CLANG_WARN_EMPTY_BODY = YES;
				CLANG_WARN_ENUM_CONVERSION = YES;
				CLANG_WARN_INT_CONVERSION = YES;
				CLANG_WARN_OBJC_ROOT_CLASS = YES_ERROR;
				CLANG_WARN_UNREACHABLE_CODE = YES;
				CLANG_WARN__DUPLICATE_METHOD_MATCH = YES;
				"CODE_SIGN_IDENTITY[sdk=iphoneos*]" = "iPhone Developer";
				COPY_PHASE_STRIP = NO;
				DEBUG_INFORMATION_FORMAT = dwarf;
				ENABLE_STRICT_OBJC_MSGSEND = YES;
				ENABLE_TESTABILITY = YES;
				GCC_C_LANGUAGE_STANDARD = gnu99;
				GCC_DYNAMIC_NO_PIC = NO;
				GCC_NO_COMMON_BLOCKS = YES;
				GCC_OPTIMIZATION_LEVEL = 0;
				GCC_PREPROCESSOR_DEFINITIONS = (
					"DEBUG=1",
					"$(inherited)",
				);
				GCC_WARN_64_TO_32_BIT_CONVERSION = YES;
				GCC_WARN_ABOUT_RETURN_TYPE = YES_ERROR;
				GCC_WARN_UNDECLARED_SELECTOR = YES;
				GCC_WARN_UNINITIALIZED_AUTOS = YES_AGGRESSIVE;
				GCC_WARN_UNUSED_FUNCTION = YES;
				GCC_WARN_UNUSED_VARIABLE = YES;
				IPHONEOS_DEPLOYMENT_TARGET = 9.2;
				MTL_ENABLE_DEBUG_INFO = YES;
				ONLY_ACTIVE_ARCH = YES;
				SDKROOT = iphoneos;
				SWIFT_OPTIMIZATION_LEVEL = "-Onone";
			};
			name = Debug;
		};
		E56BC5A61D9DAA1300FFD82B /* Release */ = {
			isa = XCBuildConfiguration;
			buildSettings = {
				ALWAYS_SEARCH_USER_PATHS = NO;
				CLANG_CXX_LANGUAGE_STANDARD = "gnu++0x";
				CLANG_CXX_LIBRARY = "libc++";
				CLANG_ENABLE_MODULES = YES;
				CLANG_ENABLE_OBJC_ARC = YES;
				CLANG_WARN_BOOL_CONVERSION = YES;
				CLANG_WARN_CONSTANT_CONVERSION = YES;
				CLANG_WARN_DIRECT_OBJC_ISA_USAGE = YES_ERROR;
				CLANG_WARN_EMPTY_BODY = YES;
				CLANG_WARN_ENUM_CONVERSION = YES;
				CLANG_WARN_INT_CONVERSION = YES;
				CLANG_WARN_OBJC_ROOT_CLASS = YES_ERROR;
				CLANG_WARN_UNREACHABLE_CODE = YES;
				CLANG_WARN__DUPLICATE_METHOD_MATCH = YES;
				"CODE_SIGN_IDENTITY[sdk=iphoneos*]" = "iPhone Developer";
				COPY_PHASE_STRIP = NO;
				DEBUG_INFORMATION_FORMAT = "dwarf-with-dsym";
				ENABLE_NS_ASSERTIONS = NO;
				ENABLE_STRICT_OBJC_MSGSEND = YES;
				GCC_C_LANGUAGE_STANDARD = gnu99;
				GCC_NO_COMMON_BLOCKS = YES;
				GCC_WARN_64_TO_32_BIT_CONVERSION = YES;
				GCC_WARN_ABOUT_RETURN_TYPE = YES_ERROR;
				GCC_WARN_UNDECLARED_SELECTOR = YES;
				GCC_WARN_UNINITIALIZED_AUTOS = YES_AGGRESSIVE;
				GCC_WARN_UNUSED_FUNCTION = YES;
				GCC_WARN_UNUSED_VARIABLE = YES;
				IPHONEOS_DEPLOYMENT_TARGET = 9.2;
				MTL_ENABLE_DEBUG_INFO = NO;
				SDKROOT = iphoneos;
				VALIDATE_PRODUCT = YES;
			};
			name = Release;
		};
		E56BC5A81D9DAA1300FFD82B /* Debug */ = {
			isa = XCBuildConfiguration;
			buildSettings = {
				ASSETCATALOG_COMPILER_APPICON_NAME = AppIcon;
				INFOPLIST_FILE = HelloIndoor2/Info.plist;
				LD_RUNPATH_SEARCH_PATHS = "$(inherited) @executable_path/Frameworks";
				PRODUCT_BUNDLE_IDENTIFIER = com.armondluthens.HelloIndoor2;
				PRODUCT_NAME = "$(TARGET_NAME)";
			};
			name = Debug;
		};
		E56BC5A91D9DAA1300FFD82B /* Release */ = {
			isa = XCBuildConfiguration;
			buildSettings = {
				ASSETCATALOG_COMPILER_APPICON_NAME = AppIcon;
				INFOPLIST_FILE = HelloIndoor2/Info.plist;
				LD_RUNPATH_SEARCH_PATHS = "$(inherited) @executable_path/Frameworks";
				PRODUCT_BUNDLE_IDENTIFIER = com.armondluthens.HelloIndoor2;
				PRODUCT_NAME = "$(TARGET_NAME)";
			};
			name = Release;
		};
		E56BC5AB1D9DAA1300FFD82B /* Debug */ = {
			isa = XCBuildConfiguration;
			buildSettings = {
				BUNDLE_LOADER = "$(TEST_HOST)";
				INFOPLIST_FILE = HelloIndoor2Tests/Info.plist;
				LD_RUNPATH_SEARCH_PATHS = "$(inherited) @executable_path/Frameworks @loader_path/Frameworks";
				PRODUCT_BUNDLE_IDENTIFIER = com.armondluthens.HelloIndoor2Tests;
				PRODUCT_NAME = "$(TARGET_NAME)";
				TEST_HOST = "$(BUILT_PRODUCTS_DIR)/HelloIndoor2.app/HelloIndoor2";
			};
			name = Debug;
		};
		E56BC5AC1D9DAA1300FFD82B /* Release */ = {
			isa = XCBuildConfiguration;
			buildSettings = {
				BUNDLE_LOADER = "$(TEST_HOST)";
				INFOPLIST_FILE = HelloIndoor2Tests/Info.plist;
				LD_RUNPATH_SEARCH_PATHS = "$(inherited) @executable_path/Frameworks @loader_path/Frameworks";
				PRODUCT_BUNDLE_IDENTIFIER = com.armondluthens.HelloIndoor2Tests;
				PRODUCT_NAME = "$(TARGET_NAME)";
				TEST_HOST = "$(BUILT_PRODUCTS_DIR)/HelloIndoor2.app/HelloIndoor2";
			};
			name = Release;
		};
		E56BC5AE1D9DAA1300FFD82B /* Debug */ = {
			isa = XCBuildConfiguration;
			buildSettings = {
				INFOPLIST_FILE = HelloIndoor2UITests/Info.plist;
				LD_RUNPATH_SEARCH_PATHS = "$(inherited) @executable_path/Frameworks @loader_path/Frameworks";
				PRODUCT_BUNDLE_IDENTIFIER = com.armondluthens.HelloIndoor2UITests;
				PRODUCT_NAME = "$(TARGET_NAME)";
				TEST_TARGET_NAME = HelloIndoor2;
				USES_XCTRUNNER = YES;
			};
			name = Debug;
		};
		E56BC5AF1D9DAA1300FFD82B /* Release */ = {
			isa = XCBuildConfiguration;
			buildSettings = {
				INFOPLIST_FILE = HelloIndoor2UITests/Info.plist;
				LD_RUNPATH_SEARCH_PATHS = "$(inherited) @executable_path/Frameworks @loader_path/Frameworks";
				PRODUCT_BUNDLE_IDENTIFIER = com.armondluthens.HelloIndoor2UITests;
				PRODUCT_NAME = "$(TARGET_NAME)";
				TEST_TARGET_NAME = HelloIndoor2;
				USES_XCTRUNNER = YES;
			};
			name = Release;
		};
/* End XCBuildConfiguration section */

/* Begin XCConfigurationList section */
		E56BC5771D9DAA1200FFD82B /* Build configuration list for PBXProject "HelloIndoor2" */ = {
			isa = XCConfigurationList;
			buildConfigurations = (
				E56BC5A51D9DAA1300FFD82B /* Debug */,
				E56BC5A61D9DAA1300FFD82B /* Release */,
			);
			defaultConfigurationIsVisible = 0;
			defaultConfigurationName = Release;
		};
		E56BC5A71D9DAA1300FFD82B /* Build configuration list for PBXNativeTarget "HelloIndoor2" */ = {
			isa = XCConfigurationList;
			buildConfigurations = (
				E56BC5A81D9DAA1300FFD82B /* Debug */,
				E56BC5A91D9DAA1300FFD82B /* Release */,
			);
			defaultConfigurationIsVisible = 0;
		};
		E56BC5AA1D9DAA1300FFD82B /* Build configuration list for PBXNativeTarget "HelloIndoor2Tests" */ = {
			isa = XCConfigurationList;
			buildConfigurations = (
				E56BC5AB1D9DAA1300FFD82B /* Debug */,
				E56BC5AC1D9DAA1300FFD82B /* Release */,
			);
			defaultConfigurationIsVisible = 0;
		};
		E56BC5AD1D9DAA1300FFD82B /* Build configuration list for PBXNativeTarget "HelloIndoor2UITests" */ = {
			isa = XCConfigurationList;
			buildConfigurations = (
				E56BC5AE1D9DAA1300FFD82B /* Debug */,
				E56BC5AF1D9DAA1300FFD82B /* Release */,
			);
			defaultConfigurationIsVisible = 0;
		};
/* End XCConfigurationList section */

/* Begin XCVersionGroup section */
		E56BC5861D9DAA1200FFD82B /* HelloIndoor2.xcdatamodeld */ = {
			isa = XCVersionGroup;
			children = (
				E56BC5871D9DAA1200FFD82B /* HelloIndoor2.xcdatamodel */,
			);
			currentVersion = E56BC5871D9DAA1200FFD82B /* HelloIndoor2.xcdatamodel */;
			path = HelloIndoor2.xcdatamodeld;
			sourceTree = "<group>";
			versionGroupType = wrapper.xcdatamodel;
		};
/* End XCVersionGroup section */
	};
	rootObject = E56BC5741D9DAA1200FFD82B /* Project object */;
}
